{
    "_readme": [
        "This file locks the dependencies of your project to a known state",
        "Read more about it at https://getcomposer.org/doc/01-basic-usage.md#installing-dependencies",
        "This file is @generated automatically"
    ],
    "content-hash": "0d276d3d038c704f9fbaf11a2985b4bf",
    "packages": [
        {
            "name": "ginger-tek/routy",
            "version": "4.3.0",
            "source": {
                "type": "git",
                "url": "https://github.com/ginger-tek/routy.git",
                "reference": "ab98b51e0b3e789952bb4225d7cd8f28c18e1412"
            },
            "dist": {
                "type": "zip",
                "url": "https://api.github.com/repos/ginger-tek/routy/zipball/ab98b51e0b3e789952bb4225d7cd8f28c18e1412",
                "reference": "ab98b51e0b3e789952bb4225d7cd8f28c18e1412",
                "shasum": ""
            },
            "require": {
                "php": ">=8.1.0"
            },
            "type": "library",
            "autoload": {
                "psr-4": {
                    "GingerTek\\": "GingerTek"
                }
            },
            "notification-url": "https://packagist.org/downloads/",
            "license": [
                "MIT"
            ],
            "authors": [
                {
                    "name": "GingerTek",
                    "homepage": "https://github.com/ginger-tek"
                }
            ],
            "description": "A simple, robust PHP router for fast app and API development",
            "homepage": "https://github.com/ginger-tek/routy",
            "keywords": [
                "api",
                "mpa",
                "rest",
                "router",
                "routing",
                "templating"
            ],
            "support": {
                "issues": "https://github.com/ginger-tek/routy/issues",
                "source": "https://github.com/ginger-tek/routy/tree/4.3.0"
            },
            "time": "2025-11-05T17:30:03+00:00"
        }
    ],
    "packages-dev": [],
    "aliases": [],
    "minimum-stability": "stable",
    "stability-flags": {},
    "prefer-stable": false,
    "prefer-lowest": false,
    "platform": {},
    "platform-dev": {},
    "plugin-api-version": "2.6.0"
}
